
Microsoft Visual Studio Solution File, Format Version 12.00
# Visual Studio Version 16
VisualStudioVersion = 16.0.30011.22
MinimumVisualStudioVersion = 10.0.40219.1
Project("{FAE04EC0-301F-11D3-BF4B-00C04F79EFBC}") = "Delete occurrences of an element if it occurs more than n times", "Delete occurrences of an element if it occurs more than n times\Delete occurrences of an element if it occurs more than n times.csproj", "{C1ADC8B7-D449-432B-AB67-F2FA3ED4171E}"
EndProject
Global
	GlobalSection(SolutionConfigurationPlatforms) = preSolution
		Debug|Any CPU = Debug|Any CPU
		Release|Any CPU = Release|Any CPU
	EndGlobalSection
	GlobalSection(ProjectConfigurationPlatforms) = postSolution
		{C1ADC8B7-D449-432B-AB67-F2FA3ED4171E}.Debug|Any CPU.ActiveCfg = Debug|Any CPU
		{C1ADC8B7-D449-432B-AB67-F2FA3ED4171E}.Debug|Any CPU.Build.0 = Debug|Any CPU
		{C1ADC8B7-D449-432B-AB67-F2FA3ED4171E}.Release|Any CPU.ActiveCfg = Release|Any CPU
		{C1ADC8B7-D449-432B-AB67-F2FA3ED4171E}.Release|Any CPU.Build.0 = Release|Any CPU
	EndGlobalSection
	GlobalSection(SolutionProperties) = preSolution
		HideSolutionNode = FALSE
	EndGlobalSection
	GlobalSection(ExtensibilityGlobals) = postSolution
		SolutionGuid = {2046457E-4EEE-466B-A7B2-6504EBBACB6D}
	EndGlobalSection
EndGlobal
